// !$*UTF8*$!
{
	archiveVersion = 1;
	classes = {
	};
	objectVersion = 46;
	objects = {

/* Begin PBXBuildFile section */
		B859135F1741BDBB001D3E22 /* UIKit.framework in Frameworks */ = {isa = PBXBuildFile; fileRef = B859135E1741BDBB001D3E22 /* UIKit.framework */; };
		B85913611741BDBB001D3E22 /* Foundation.framework in Frameworks */ = {isa = PBXBuildFile; fileRef = B85913601741BDBB001D3E22 /* Foundation.framework */; };
		B85913631741BDBB001D3E22 /* CoreGraphics.framework in Frameworks */ = {isa = PBXBuildFile; fileRef = B85913621741BDBB001D3E22 /* CoreGraphics.framework */; };
		B85913691741BDBB001D3E22 /* InfoPlist.strings in Resources */ = {isa = PBXBuildFile; fileRef = B85913671741BDBB001D3E22 /* InfoPlist.strings */; };
		B859136B1741BDBB001D3E22 /* main.m in Sources */ = {isa = PBXBuildFile; fileRef = B859136A1741BDBB001D3E22 /* main.m */; };
		B859136F1741BDBB001D3E22 /* AppDelegate.m in Sources */ = {isa = PBXBuildFile; fileRef = B859136E1741BDBB001D3E22 /* AppDelegate.m */; };
		B85913711741BDBB001D3E22 /* Default.png in Resources */ = {isa = PBXBuildFile; fileRef = B85913701741BDBB001D3E22 /* Default.png */; };
		B85913731741BDBB001D3E22 /* Default@2x.png in Resources */ = {isa = PBXBuildFile; fileRef = B85913721741BDBB001D3E22 /* Default@2x.png */; };
		B85913751741BDBB001D3E22 /* Default-568h@2x.png in Resources */ = {isa = PBXBuildFile; fileRef = B85913741741BDBB001D3E22 /* Default-568h@2x.png */; };
/* End PBXBuildFile section */

/* Begin PBXFileReference section */
		B859135B1741BDBB001D3E22 /* AOC1Project2.app */ = {isa = PBXFileReference; explicitFileType = wrapper.application; includeInIndex = 0; path = AOC1Project2.app; sourceTree = BUILT_PRODUCTS_DIR; };
		B859135E1741BDBB001D3E22 /* UIKit.framework */ = {isa = PBXFileReference; lastKnownFileType = wrapper.framework; name = UIKit.framework; path = System/Library/Frameworks/UIKit.framework; sourceTree = SDKROOT; };
		B85913601741BDBB001D3E22 /* Foundation.framework */ = {isa = PBXFileReference; lastKnownFileType = wrapper.framework; name = Foundation.framework; path = System/Library/Frameworks/Foundation.framework; sourceTree = SDKROOT; };
		B85913621741BDBB001D3E22 /* CoreGraphics.framework */ = {isa = PBXFileReference; lastKnownFileType = wrapper.framework; name = CoreGraphics.framework; path = System/Library/Frameworks/CoreGraphics.framework; sourceTree = SDKROOT; };
		B85913661741BDBB001D3E22 /* AOC1Project2-Info.plist */ = {isa = PBXFileReference; lastKnownFileType = text.plist.xml; path = "AOC1Project2-Info.plist"; sourceTree = "<group>"; };
		B85913681741BDBB001D3E22 /* en */ = {isa = PBXFileReference; lastKnownFileType = text.plist.strings; name = en; path = en.lproj/InfoPlist.strings; sourceTree = "<group>"; };
		B859136A1741BDBB001D3E22 /* main.m */ = {isa = PBXFileReference; lastKnownFileType = sourcecode.c.objc; path = main.m; sourceTree = "<group>"; };
		B859136C1741BDBB001D3E22 /* AOC1Project2-Prefix.pch */ = {isa = PBXFileReference; lastKnownFileType = sourcecode.c.h; path = "AOC1Project2-Prefix.pch"; sourceTree = "<group>"; };
		B859136D1741BDBB001D3E22 /* AppDelegate.h */ = {isa = PBXFileReference; lastKnownFileType = sourcecode.c.h; path = AppDelegate.h; sourceTree = "<group>"; };
		B859136E1741BDBB001D3E22 /* AppDelegate.m */ = {isa = PBXFileReference; lastKnownFileType = sourcecode.c.objc; path = AppDelegate.m; sourceTree = "<group>"; };
		B85913701741BDBB001D3E22 /* Default.png */ = {isa = PBXFileReference; lastKnownFileType = image.png; path = Default.png; sourceTree = "<group>"; };
		B85913721741BDBB001D3E22 /* Default@2x.png */ = {isa = PBXFileReference; lastKnownFileType = image.png; path = "Default@2x.png"; sourceTree = "<group>"; };
		B85913741741BDBB001D3E22 /* Default-568h@2x.png */ = {isa = PBXFileReference; lastKnownFileType = image.png; path = "Default-568h@2x.png"; sourceTree = "<group>"; };
/* End PBXFileReference section */

/* Begin PBXFrameworksBuildPhase section */
		B85913581741BDBB001D3E22 /* Frameworks */ = {
			isa = PBXFrameworksBuildPhase;
			buildActionMask = 2147483647;
			files = (
				B859135F1741BDBB001D3E22 /* UIKit.framework in Frameworks */,
				B85913611741BDBB001D3E22 /* Foundation.framework in Frameworks */,
				B85913631741BDBB001D3E22 /* CoreGraphics.framework in Frameworks */,
			);
			runOnlyForDeploymentPostprocessing = 0;
		};
/* End PBXFrameworksBuildPhase section */

/* Begin PBXGroup section */
		B85913521741BDBB001D3E22 = {
			isa = PBXGroup;
			children = (
				B85913641741BDBB001D3E22 /* AOC1Project2 */,
				B859135D1741BDBB001D3E22 /* Frameworks */,
				B859135C1741BDBB001D3E22 /* Products */,
			);
			sourceTree = "<group>";
		};
		B859135C1741BDBB001D3E22 /* Products */ = {
			isa = PBXGroup;
			children = (
				B859135B1741BDBB001D3E22 /* AOC1Project2.app */,
			);
			name = Products;
			sourceTree = "<group>";
		};
		B859135D1741BDBB001D3E22 /* Frameworks */ = {
			isa = PBXGroup;
			children = (
				B859135E1741BDBB001D3E22 /* UIKit.framework */,
				B85913601741BDBB001D3E22 /* Foundation.framework */,
				B85913621741BDBB001D3E22 /* CoreGraphics.framework */,
			);
			name = Frameworks;
			sourceTree = "<group>";
		};
		B85913641741BDBB001D3E22 /* AOC1Project2 */ = {
			isa = PBXGroup;
			children = (
				B859136D1741BDBB001D3E22 /* AppDelegate.h */,
				B859136E1741BDBB001D3E22 /* AppDelegate.m */,
				B85913651741BDBB001D3E22 /* Supporting Files */,
			);
			path = AOC1Project2;
			sourceTree = "<group>";
		};
		B85913651741BDBB001D3E22 /* Supporting Files */ = {
			isa = PBXGroup;
			children = (
				B85913661741BDBB001D3E22 /* AOC1Project2-Info.plist */,
				B85913671741BDBB001D3E22 /* InfoPlist.strings */,
				B859136A1741BDBB001D3E22 /* main.m */,
				B859136C1741BDBB001D3E22 /* AOC1Project2-Prefix.pch */,
				B85913701741BDBB001D3E22 /* Default.png */,
				B85913721741BDBB001D3E22 /* Default@2x.png */,
				B85913741741BDBB001D3E22 /* Default-568h@2x.png */,
			);
			name = "Supporting Files";
			sourceTree = "<group>";
		};
/* End PBXGroup section */

/* Begin PBXNativeTarget section */
		B859135A1741BDBB001D3E22 /* AOC1Project2 */ = {
			isa = PBXNativeTarget;
			buildConfigurationList = B85913781741BDBB001D3E22 /* Build configuration list for PBXNativeTarget "AOC1Project2" */;
			buildPhases = (
				B85913571741BDBB001D3E22 /* Sources */,
				B85913581741BDBB001D3E22 /* Frameworks */,
				B85913591741BDBB001D3E22 /* Resources */,
			);
			buildRules = (
			);
			dependencies = (
			);
			name = AOC1Project2;
			productName = AOC1Project2;
			productReference = B859135B1741BDBB001D3E22 /* AOC1Project2.app */;
			productType = "com.apple.product-type.application";
		};
/* End PBXNativeTarget section */

/* Begin PBXProject section */
		B85913531741BDBB001D3E22 /* Project object */ = {
			isa = PBXProject;
			attributes = {
				LastUpgradeCheck = 0460;
				ORGANIZATIONNAME = "Elijah Freestone";
			};
			buildConfigurationList = B85913561741BDBB001D3E22 /* Build configuration list for PBXProject "AOC1Project2" */;
			compatibilityVersion = "Xcode 3.2";
			developmentRegion = English;
			hasScannedForEncodings = 0;
			knownRegions = (
				en,
			);
			mainGroup = B85913521741BDBB001D3E22;
			productRefGroup = B859135C1741BDBB001D3E22 /* Products */;
			projectDirPath = "";
			projectRoot = "";
			targets = (
				B859135A1741BDBB001D3E22 /* AOC1Project2 */,
			);
		};
/* End PBXProject section */

/* Begin PBXResourcesBuildPhase section */
		B85913591741BDBB001D3E22 /* Resources */ = {
			isa = PBXResourcesBuildPhase;
			buildActionMask = 2147483647;
			files = (
				B85913691741BDBB001D3E22 /* InfoPlist.strings in Resources */,
				B85913711741BDBB001D3E22 /* Default.png in Resources */,
				B85913731741BDBB001D3E22 /* Default@2x.png in Resources */,
				B85913751741BDBB001D3E22 /* Default-568h@2x.png in Resources */,
			);
			runOnlyForDeploymentPostprocessing = 0;
		};
/* End PBXResourcesBuildPhase section */

/* Begin PBXSourcesBuildPhase section */
		B85913571741BDBB001D3E22 /* Sources */ = {
			isa = PBXSourcesBuildPhase;
			buildActionMask = 2147483647;
			files = (
				B859136B1741BDBB001D3E22 /* main.m in Sources */,
				B859136F1741BDBB001D3E22 /* AppDelegate.m in Sources */,
			);
			runOnlyForDeploymentPostprocessing = 0;
		};
/* End PBXSourcesBuildPhase section */

/* Begin PBXVariantGroup section */
		B85913671741BDBB001D3E22 /* InfoPlist.strings */ = {
			isa = PBXVariantGroup;
			children = (
				B85913681741BDBB001D3E22 /* en */,
			);
			name = InfoPlist.strings;
			sourceTree = "<group>";
		};
/* End PBXVariantGroup section */

/* Begin XCBuildConfiguration section */
		B85913761741BDBB001D3E22 /* Debug */ = {
			isa = XCBuildConfiguration;
			buildSettings = {
				ALWAYS_SEARCH_USER_PATHS = NO;
				CLANG_CXX_LANGUAGE_STANDARD = "gnu++0x";
				CLANG_CXX_LIBRARY = "libc++";
				CLANG_WARN_CONSTANT_CONVERSION = YES;
				CLANG_WARN_EMPTY_BODY = YES;
				CLANG_WARN_ENUM_CONVERSION = YES;
				CLANG_WARN_INT_CONVERSION = YES;
				CLANG_WARN__DUPLICATE_METHOD_MATCH = YES;
				"CODE_SIGN_IDENTITY[sdk=iphoneos*]" = "iPhone Developer";
				COPY_PHASE_STRIP = NO;
				GCC_C_LANGUAGE_STANDARD = gnu99;
				GCC_DYNAMIC_NO_PIC = NO;
				GCC_OPTIMIZATION_LEVEL = 0;
				GCC_PREPROCESSOR_DEFINITIONS = (
					"DEBUG=1",
					"$(inherited)",
				);
				GCC_SYMBOLS_PRIVATE_EXTERN = NO;
				GCC_WARN_ABOUT_RETURN_TYPE = YES;
				GCC_WARN_UNINITIALIZED_AUTOS = YES;
				GCC_WARN_UNUSED_VARIABLE = YES;
				IPHONEOS_DEPLOYMENT_TARGET = 6.1;
				ONLY_ACTIVE_ARCH = YES;
				SDKROOT = iphoneos;
				TARGETED_DEVICE_FAMILY = "1,2";
			};
			name = Debug;
		};
		B85913771741BDBB001D3E22 /* Release */ = {
			isa = XCBuildConfiguration;
			buildSettings = {
				ALWAYS_SEARCH_USER_PATHS = NO;
				CLANG_CXX_LANGUAGE_STANDARD = "gnu++0x";
				CLANG_CXX_LIBRARY = "libc++";
				CLANG_WARN_CONSTANT_CONVERSION = YES;
				CLANG_WARN_EMPTY_BODY = YES;
				CLANG_WARN_ENUM_CONVERSION = YES;
				CLANG_WARN_INT_CONVERSION = YES;
				CLANG_WARN__DUPLICATE_METHOD_MATCH = YES;
				"CODE_SIGN_IDENTITY[sdk=iphoneos*]" = "iPhone Developer";
				COPY_PHASE_STRIP = YES;
				GCC_C_LANGUAGE_STANDARD = gnu99;
				GCC_WARN_ABOUT_RETURN_TYPE = YES;
				GCC_WARN_UNINITIALIZED_AUTOS = YES;
				GCC_WARN_UNUSED_VARIABLE = YES;
				IPHONEOS_DEPLOYMENT_TARGET = 6.1;
				OTHER_CFLAGS = "-DNS_BLOCK_ASSERTIONS=1";
				SDKROOT = iphoneos;
				TARGETED_DEVICE_FAMILY = "1,2";
				VALIDATE_PRODUCT = YES;
			};
			name = Release;
		};
		B85913791741BDBB001D3E22 /* Debug */ = {
			isa = XCBuildConfiguration;
			buildSettings = {
				GCC_PRECOMPILE_PREFIX_HEADER = YES;
				GCC_PREFIX_HEADER = "AOC1Project2/AOC1Project2-Prefix.pch";
				INFOPLIST_FILE = "AOC1Project2/AOC1Project2-Info.plist";
				PRODUCT_NAME = "$(TARGET_NAME)";
				WRAPPER_EXTENSION = app;
			};
			name = Debug;
		};
		B859137A1741BDBB001D3E22 /* Release */ = {
			isa = XCBuildConfiguration;
			buildSettings = {
				GCC_PRECOMPILE_PREFIX_HEADER = YES;
				GCC_PREFIX_HEADER = "AOC1Project2/AOC1Project2-Prefix.pch";
				INFOPLIST_FILE = "AOC1Project2/AOC1Project2-Info.plist";
				PRODUCT_NAME = "$(TARGET_NAME)";
				WRAPPER_EXTENSION = app;
			};
			name = Release;
		};
/* End XCBuildConfiguration section */

/* Begin XCConfigurationList section */
		B85913561741BDBB001D3E22 /* Build configuration list for PBXProject "AOC1Project2" */ = {
			isa = XCConfigurationList;
			buildConfigurations = (
				B85913761741BDBB001D3E22 /* Debug */,
				B85913771741BDBB001D3E22 /* Release */,
			);
			defaultConfigurationIsVisible = 0;
			defaultConfigurationName = Release;
		};
		B85913781741BDBB001D3E22 /* Build configuration list for PBXNativeTarget "AOC1Project2" */ = {
			isa = XCConfigurationList;
			buildConfigurations = (
				B85913791741BDBB001D3E22 /* Debug */,
				B859137A1741BDBB001D3E22 /* Release */,
			);
			defaultConfigurationIsVisible = 0;
		};
/* End XCConfigurationList section */
	};
	rootObject = B85913531741BDBB001D3E22 /* Project object */;
}
