// !$*UTF8*$!
{
	archiveVersion = 1;
	classes = {
	};
	objectVersion = 46;
	objects = {

/* Begin PBXBuildFile section */
		B8FF1E691742E47B002CF0A1 /* UIKit.framework in Frameworks */ = {isa = PBXBuildFile; fileRef = B8FF1E681742E47B002CF0A1 /* UIKit.framework */; };
		B8FF1E6B1742E47B002CF0A1 /* Foundation.framework in Frameworks */ = {isa = PBXBuildFile; fileRef = B8FF1E6A1742E47B002CF0A1 /* Foundation.framework */; };
		B8FF1E6D1742E47B002CF0A1 /* CoreGraphics.framework in Frameworks */ = {isa = PBXBuildFile; fileRef = B8FF1E6C1742E47B002CF0A1 /* CoreGraphics.framework */; };
		B8FF1E731742E47B002CF0A1 /* InfoPlist.strings in Resources */ = {isa = PBXBuildFile; fileRef = B8FF1E711742E47B002CF0A1 /* InfoPlist.strings */; };
		B8FF1E751742E47B002CF0A1 /* main.m in Sources */ = {isa = PBXBuildFile; fileRef = B8FF1E741742E47B002CF0A1 /* main.m */; };
		B8FF1E791742E47B002CF0A1 /* AppDelegate.m in Sources */ = {isa = PBXBuildFile; fileRef = B8FF1E781742E47B002CF0A1 /* AppDelegate.m */; };
		B8FF1E7B1742E47C002CF0A1 /* Default.png in Resources */ = {isa = PBXBuildFile; fileRef = B8FF1E7A1742E47B002CF0A1 /* Default.png */; };
		B8FF1E7D1742E47C002CF0A1 /* Default@2x.png in Resources */ = {isa = PBXBuildFile; fileRef = B8FF1E7C1742E47C002CF0A1 /* Default@2x.png */; };
		B8FF1E7F1742E47C002CF0A1 /* Default-568h@2x.png in Resources */ = {isa = PBXBuildFile; fileRef = B8FF1E7E1742E47C002CF0A1 /* Default-568h@2x.png */; };
		B8FF1E821742E47C002CF0A1 /* MainStoryboard_iPhone.storyboard in Resources */ = {isa = PBXBuildFile; fileRef = B8FF1E801742E47C002CF0A1 /* MainStoryboard_iPhone.storyboard */; };
		B8FF1E851742E47C002CF0A1 /* MainStoryboard_iPad.storyboard in Resources */ = {isa = PBXBuildFile; fileRef = B8FF1E831742E47C002CF0A1 /* MainStoryboard_iPad.storyboard */; };
		B8FF1E881742E47C002CF0A1 /* ViewController.m in Sources */ = {isa = PBXBuildFile; fileRef = B8FF1E871742E47C002CF0A1 /* ViewController.m */; };
/* End PBXBuildFile section */

/* Begin PBXFileReference section */
		B8FF1E651742E47B002CF0A1 /* AOC1Project2.app */ = {isa = PBXFileReference; explicitFileType = wrapper.application; includeInIndex = 0; path = AOC1Project2.app; sourceTree = BUILT_PRODUCTS_DIR; };
		B8FF1E681742E47B002CF0A1 /* UIKit.framework */ = {isa = PBXFileReference; lastKnownFileType = wrapper.framework; name = UIKit.framework; path = System/Library/Frameworks/UIKit.framework; sourceTree = SDKROOT; };
		B8FF1E6A1742E47B002CF0A1 /* Foundation.framework */ = {isa = PBXFileReference; lastKnownFileType = wrapper.framework; name = Foundation.framework; path = System/Library/Frameworks/Foundation.framework; sourceTree = SDKROOT; };
		B8FF1E6C1742E47B002CF0A1 /* CoreGraphics.framework */ = {isa = PBXFileReference; lastKnownFileType = wrapper.framework; name = CoreGraphics.framework; path = System/Library/Frameworks/CoreGraphics.framework; sourceTree = SDKROOT; };
		B8FF1E701742E47B002CF0A1 /* AOC1Project2-Info.plist */ = {isa = PBXFileReference; lastKnownFileType = text.plist.xml; path = "AOC1Project2-Info.plist"; sourceTree = "<group>"; };
		B8FF1E721742E47B002CF0A1 /* en */ = {isa = PBXFileReference; lastKnownFileType = text.plist.strings; name = en; path = en.lproj/InfoPlist.strings; sourceTree = "<group>"; };
		B8FF1E741742E47B002CF0A1 /* main.m */ = {isa = PBXFileReference; lastKnownFileType = sourcecode.c.objc; path = main.m; sourceTree = "<group>"; };
		B8FF1E761742E47B002CF0A1 /* AOC1Project2-Prefix.pch */ = {isa = PBXFileReference; lastKnownFileType = sourcecode.c.h; path = "AOC1Project2-Prefix.pch"; sourceTree = "<group>"; };
		B8FF1E771742E47B002CF0A1 /* AppDelegate.h */ = {isa = PBXFileReference; lastKnownFileType = sourcecode.c.h; path = AppDelegate.h; sourceTree = "<group>"; };
		B8FF1E781742E47B002CF0A1 /* AppDelegate.m */ = {isa = PBXFileReference; lastKnownFileType = sourcecode.c.objc; path = AppDelegate.m; sourceTree = "<group>"; };
		B8FF1E7A1742E47B002CF0A1 /* Default.png */ = {isa = PBXFileReference; lastKnownFileType = image.png; path = Default.png; sourceTree = "<group>"; };
		B8FF1E7C1742E47C002CF0A1 /* Default@2x.png */ = {isa = PBXFileReference; lastKnownFileType = image.png; path = "Default@2x.png"; sourceTree = "<group>"; };
		B8FF1E7E1742E47C002CF0A1 /* Default-568h@2x.png */ = {isa = PBXFileReference; lastKnownFileType = image.png; path = "Default-568h@2x.png"; sourceTree = "<group>"; };
		B8FF1E811742E47C002CF0A1 /* en */ = {isa = PBXFileReference; lastKnownFileType = file.storyboard; name = en; path = en.lproj/MainStoryboard_iPhone.storyboard; sourceTree = "<group>"; };
		B8FF1E841742E47C002CF0A1 /* en */ = {isa = PBXFileReference; lastKnownFileType = file.storyboard; name = en; path = en.lproj/MainStoryboard_iPad.storyboard; sourceTree = "<group>"; };
		B8FF1E861742E47C002CF0A1 /* ViewController.h */ = {isa = PBXFileReference; lastKnownFileType = sourcecode.c.h; path = ViewController.h; sourceTree = "<group>"; };
		B8FF1E871742E47C002CF0A1 /* ViewController.m */ = {isa = PBXFileReference; lastKnownFileType = sourcecode.c.objc; path = ViewController.m; sourceTree = "<group>"; };
/* End PBXFileReference section */

/* Begin PBXFrameworksBuildPhase section */
		B8FF1E621742E47B002CF0A1 /* Frameworks */ = {
			isa = PBXFrameworksBuildPhase;
			buildActionMask = 2147483647;
			files = (
				B8FF1E691742E47B002CF0A1 /* UIKit.framework in Frameworks */,
				B8FF1E6B1742E47B002CF0A1 /* Foundation.framework in Frameworks */,
				B8FF1E6D1742E47B002CF0A1 /* CoreGraphics.framework in Frameworks */,
			);
			runOnlyForDeploymentPostprocessing = 0;
		};
/* End PBXFrameworksBuildPhase section */

/* Begin PBXGroup section */
		B8FF1E5C1742E47B002CF0A1 = {
			isa = PBXGroup;
			children = (
				B8FF1E6E1742E47B002CF0A1 /* AOC1Project2 */,
				B8FF1E671742E47B002CF0A1 /* Frameworks */,
				B8FF1E661742E47B002CF0A1 /* Products */,
			);
			sourceTree = "<group>";
		};
		B8FF1E661742E47B002CF0A1 /* Products */ = {
			isa = PBXGroup;
			children = (
				B8FF1E651742E47B002CF0A1 /* AOC1Project2.app */,
			);
			name = Products;
			sourceTree = "<group>";
		};
		B8FF1E671742E47B002CF0A1 /* Frameworks */ = {
			isa = PBXGroup;
			children = (
				B8FF1E681742E47B002CF0A1 /* UIKit.framework */,
				B8FF1E6A1742E47B002CF0A1 /* Foundation.framework */,
				B8FF1E6C1742E47B002CF0A1 /* CoreGraphics.framework */,
			);
			name = Frameworks;
			sourceTree = "<group>";
		};
		B8FF1E6E1742E47B002CF0A1 /* AOC1Project2 */ = {
			isa = PBXGroup;
			children = (
				B8FF1E771742E47B002CF0A1 /* AppDelegate.h */,
				B8FF1E781742E47B002CF0A1 /* AppDelegate.m */,
				B8FF1E801742E47C002CF0A1 /* MainStoryboard_iPhone.storyboard */,
				B8FF1E831742E47C002CF0A1 /* MainStoryboard_iPad.storyboard */,
				B8FF1E861742E47C002CF0A1 /* ViewController.h */,
				B8FF1E871742E47C002CF0A1 /* ViewController.m */,
				B8FF1E6F1742E47B002CF0A1 /* Supporting Files */,
			);
			path = AOC1Project2;
			sourceTree = "<group>";
		};
		B8FF1E6F1742E47B002CF0A1 /* Supporting Files */ = {
			isa = PBXGroup;
			children = (
				B8FF1E701742E47B002CF0A1 /* AOC1Project2-Info.plist */,
				B8FF1E711742E47B002CF0A1 /* InfoPlist.strings */,
				B8FF1E741742E47B002CF0A1 /* main.m */,
				B8FF1E761742E47B002CF0A1 /* AOC1Project2-Prefix.pch */,
				B8FF1E7A1742E47B002CF0A1 /* Default.png */,
				B8FF1E7C1742E47C002CF0A1 /* Default@2x.png */,
				B8FF1E7E1742E47C002CF0A1 /* Default-568h@2x.png */,
			);
			name = "Supporting Files";
			sourceTree = "<group>";
		};
/* End PBXGroup section */

/* Begin PBXNativeTarget section */
		B8FF1E641742E47B002CF0A1 /* AOC1Project2 */ = {
			isa = PBXNativeTarget;
			buildConfigurationList = B8FF1E8B1742E47C002CF0A1 /* Build configuration list for PBXNativeTarget "AOC1Project2" */;
			buildPhases = (
				B8FF1E611742E47B002CF0A1 /* Sources */,
				B8FF1E621742E47B002CF0A1 /* Frameworks */,
				B8FF1E631742E47B002CF0A1 /* Resources */,
			);
			buildRules = (
			);
			dependencies = (
			);
			name = AOC1Project2;
			productName = AOC1Project2;
			productReference = B8FF1E651742E47B002CF0A1 /* AOC1Project2.app */;
			productType = "com.apple.product-type.application";
		};
/* End PBXNativeTarget section */

/* Begin PBXProject section */
		B8FF1E5D1742E47B002CF0A1 /* Project object */ = {
			isa = PBXProject;
			attributes = {
				LastUpgradeCheck = 0460;
				ORGANIZATIONNAME = "Elijah Freestone";
			};
			buildConfigurationList = B8FF1E601742E47B002CF0A1 /* Build configuration list for PBXProject "AOC1Project2" */;
			compatibilityVersion = "Xcode 3.2";
			developmentRegion = English;
			hasScannedForEncodings = 0;
			knownRegions = (
				en,
			);
			mainGroup = B8FF1E5C1742E47B002CF0A1;
			productRefGroup = B8FF1E661742E47B002CF0A1 /* Products */;
			projectDirPath = "";
			projectRoot = "";
			targets = (
				B8FF1E641742E47B002CF0A1 /* AOC1Project2 */,
			);
		};
/* End PBXProject section */

/* Begin PBXResourcesBuildPhase section */
		B8FF1E631742E47B002CF0A1 /* Resources */ = {
			isa = PBXResourcesBuildPhase;
			buildActionMask = 2147483647;
			files = (
				B8FF1E731742E47B002CF0A1 /* InfoPlist.strings in Resources */,
				B8FF1E7B1742E47C002CF0A1 /* Default.png in Resources */,
				B8FF1E7D1742E47C002CF0A1 /* Default@2x.png in Resources */,
				B8FF1E7F1742E47C002CF0A1 /* Default-568h@2x.png in Resources */,
				B8FF1E821742E47C002CF0A1 /* MainStoryboard_iPhone.storyboard in Resources */,
				B8FF1E851742E47C002CF0A1 /* MainStoryboard_iPad.storyboard in Resources */,
			);
			runOnlyForDeploymentPostprocessing = 0;
		};
/* End PBXResourcesBuildPhase section */

/* Begin PBXSourcesBuildPhase section */
		B8FF1E611742E47B002CF0A1 /* Sources */ = {
			isa = PBXSourcesBuildPhase;
			buildActionMask = 2147483647;
			files = (
				B8FF1E751742E47B002CF0A1 /* main.m in Sources */,
				B8FF1E791742E47B002CF0A1 /* AppDelegate.m in Sources */,
				B8FF1E881742E47C002CF0A1 /* ViewController.m in Sources */,
			);
			runOnlyForDeploymentPostprocessing = 0;
		};
/* End PBXSourcesBuildPhase section */

/* Begin PBXVariantGroup section */
		B8FF1E711742E47B002CF0A1 /* InfoPlist.strings */ = {
			isa = PBXVariantGroup;
			children = (
				B8FF1E721742E47B002CF0A1 /* en */,
			);
			name = InfoPlist.strings;
			sourceTree = "<group>";
		};
		B8FF1E801742E47C002CF0A1 /* MainStoryboard_iPhone.storyboard */ = {
			isa = PBXVariantGroup;
			children = (
				B8FF1E811742E47C002CF0A1 /* en */,
			);
			name = MainStoryboard_iPhone.storyboard;
			sourceTree = "<group>";
		};
		B8FF1E831742E47C002CF0A1 /* MainStoryboard_iPad.storyboard */ = {
			isa = PBXVariantGroup;
			children = (
				B8FF1E841742E47C002CF0A1 /* en */,
			);
			name = MainStoryboard_iPad.storyboard;
			sourceTree = "<group>";
		};
/* End PBXVariantGroup section */

/* Begin XCBuildConfiguration section */
		B8FF1E891742E47C002CF0A1 /* Debug */ = {
			isa = XCBuildConfiguration;
			buildSettings = {
				ALWAYS_SEARCH_USER_PATHS = NO;
				CLANG_CXX_LANGUAGE_STANDARD = "gnu++0x";
				CLANG_CXX_LIBRARY = "libc++";
				CLANG_WARN_CONSTANT_CONVERSION = YES;
				CLANG_WARN_EMPTY_BODY = YES;
				CLANG_WARN_ENUM_CONVERSION = YES;
				CLANG_WARN_INT_CONVERSION = YES;
				CLANG_WARN__DUPLICATE_METHOD_MATCH = YES;
				"CODE_SIGN_IDENTITY[sdk=iphoneos*]" = "iPhone Developer";
				COPY_PHASE_STRIP = NO;
				GCC_C_LANGUAGE_STANDARD = gnu99;
				GCC_DYNAMIC_NO_PIC = NO;
				GCC_OPTIMIZATION_LEVEL = 0;
				GCC_PREPROCESSOR_DEFINITIONS = (
					"DEBUG=1",
					"$(inherited)",
				);
				GCC_SYMBOLS_PRIVATE_EXTERN = NO;
				GCC_WARN_ABOUT_RETURN_TYPE = YES;
				GCC_WARN_UNINITIALIZED_AUTOS = YES;
				GCC_WARN_UNUSED_VARIABLE = YES;
				IPHONEOS_DEPLOYMENT_TARGET = 6.1;
				ONLY_ACTIVE_ARCH = YES;
				SDKROOT = iphoneos;
				TARGETED_DEVICE_FAMILY = "1,2";
			};
			name = Debug;
		};
		B8FF1E8A1742E47C002CF0A1 /* Release */ = {
			isa = XCBuildConfiguration;
			buildSettings = {
				ALWAYS_SEARCH_USER_PATHS = NO;
				CLANG_CXX_LANGUAGE_STANDARD = "gnu++0x";
				CLANG_CXX_LIBRARY = "libc++";
				CLANG_WARN_CONSTANT_CONVERSION = YES;
				CLANG_WARN_EMPTY_BODY = YES;
				CLANG_WARN_ENUM_CONVERSION = YES;
				CLANG_WARN_INT_CONVERSION = YES;
				CLANG_WARN__DUPLICATE_METHOD_MATCH = YES;
				"CODE_SIGN_IDENTITY[sdk=iphoneos*]" = "iPhone Developer";
				COPY_PHASE_STRIP = YES;
				GCC_C_LANGUAGE_STANDARD = gnu99;
				GCC_WARN_ABOUT_RETURN_TYPE = YES;
				GCC_WARN_UNINITIALIZED_AUTOS = YES;
				GCC_WARN_UNUSED_VARIABLE = YES;
				IPHONEOS_DEPLOYMENT_TARGET = 6.1;
				OTHER_CFLAGS = "-DNS_BLOCK_ASSERTIONS=1";
				SDKROOT = iphoneos;
				TARGETED_DEVICE_FAMILY = "1,2";
				VALIDATE_PRODUCT = YES;
			};
			name = Release;
		};
		B8FF1E8C1742E47C002CF0A1 /* Debug */ = {
			isa = XCBuildConfiguration;
			buildSettings = {
				GCC_PRECOMPILE_PREFIX_HEADER = YES;
				GCC_PREFIX_HEADER = "AOC1Project2/AOC1Project2-Prefix.pch";
				INFOPLIST_FILE = "AOC1Project2/AOC1Project2-Info.plist";
				PRODUCT_NAME = "$(TARGET_NAME)";
				WRAPPER_EXTENSION = app;
			};
			name = Debug;
		};
		B8FF1E8D1742E47C002CF0A1 /* Release */ = {
			isa = XCBuildConfiguration;
			buildSettings = {
				GCC_PRECOMPILE_PREFIX_HEADER = YES;
				GCC_PREFIX_HEADER = "AOC1Project2/AOC1Project2-Prefix.pch";
				INFOPLIST_FILE = "AOC1Project2/AOC1Project2-Info.plist";
				PRODUCT_NAME = "$(TARGET_NAME)";
				WRAPPER_EXTENSION = app;
			};
			name = Release;
		};
/* End XCBuildConfiguration section */

/* Begin XCConfigurationList section */
		B8FF1E601742E47B002CF0A1 /* Build configuration list for PBXProject "AOC1Project2" */ = {
			isa = XCConfigurationList;
			buildConfigurations = (
				B8FF1E891742E47C002CF0A1 /* Debug */,
				B8FF1E8A1742E47C002CF0A1 /* Release */,
			);
			defaultConfigurationIsVisible = 0;
			defaultConfigurationName = Release;
		};
		B8FF1E8B1742E47C002CF0A1 /* Build configuration list for PBXNativeTarget "AOC1Project2" */ = {
			isa = XCConfigurationList;
			buildConfigurations = (
				B8FF1E8C1742E47C002CF0A1 /* Debug */,
				B8FF1E8D1742E47C002CF0A1 /* Release */,
			);
			defaultConfigurationIsVisible = 0;
		};
/* End XCConfigurationList section */
	};
	rootObject = B8FF1E5D1742E47B002CF0A1 /* Project object */;
}
